// !$*UTF8*$!
{
	archiveVersion = 1;
	classes = {
	};
	objectVersion = 46;
	objects = {

/* Begin PBXBuildFile section */
		5D0831841BD784E400AB91F3 /* main.m in Sources */ = {isa = PBXBuildFile; fileRef = 5D0831831BD784E400AB91F3 /* main.m */; };
		5D0831871BD784E400AB91F3 /* AppDelegate.m in Sources */ = {isa = PBXBuildFile; fileRef = 5D0831861BD784E400AB91F3 /* AppDelegate.m */; };
		5D08318A1BD784E400AB91F3 /* ViewController.m in Sources */ = {isa = PBXBuildFile; fileRef = 5D0831891BD784E400AB91F3 /* ViewController.m */; };
		5D08318D1BD784E400AB91F3 /* Main.storyboard in Resources */ = {isa = PBXBuildFile; fileRef = 5D08318B1BD784E400AB91F3 /* Main.storyboard */; };
		5D0831901BD784E400AB91F3 /* InfPicture_sample.xcdatamodeld in Sources */ = {isa = PBXBuildFile; fileRef = 5D08318E1BD784E400AB91F3 /* InfPicture_sample.xcdatamodeld */; };
		5D0831921BD784E400AB91F3 /* Assets.xcassets in Resources */ = {isa = PBXBuildFile; fileRef = 5D0831911BD784E400AB91F3 /* Assets.xcassets */; };
		5D0831951BD784E400AB91F3 /* LaunchScreen.storyboard in Resources */ = {isa = PBXBuildFile; fileRef = 5D0831931BD784E400AB91F3 /* LaunchScreen.storyboard */; };
		5D0831A01BD784E400AB91F3 /* InfPicture_sampleTests.m in Sources */ = {isa = PBXBuildFile; fileRef = 5D08319F1BD784E400AB91F3 /* InfPicture_sampleTests.m */; };
		5D0831AB1BD784E400AB91F3 /* InfPicture_sampleUITests.m in Sources */ = {isa = PBXBuildFile; fileRef = 5D0831AA1BD784E400AB91F3 /* InfPicture_sampleUITests.m */; };
		5D0831BE1BD784FC00AB91F3 /* 1.jpg in Resources */ = {isa = PBXBuildFile; fileRef = 5D0831BB1BD784FC00AB91F3 /* 1.jpg */; settings = {ASSET_TAGS = (); }; };
		5D0831BF1BD784FC00AB91F3 /* 2.jpg in Resources */ = {isa = PBXBuildFile; fileRef = 5D0831BC1BD784FC00AB91F3 /* 2.jpg */; settings = {ASSET_TAGS = (); }; };
		5D0831C01BD784FC00AB91F3 /* 3.jpg in Resources */ = {isa = PBXBuildFile; fileRef = 5D0831BD1BD784FC00AB91F3 /* 3.jpg */; settings = {ASSET_TAGS = (); }; };
		5D0831C31BD7878700AB91F3 /* InfPicture.m in Sources */ = {isa = PBXBuildFile; fileRef = 5D0831C21BD7878700AB91F3 /* InfPicture.m */; settings = {ASSET_TAGS = (); }; };
/* End PBXBuildFile section */

/* Begin PBXContainerItemProxy section */
		5D08319C1BD784E400AB91F3 /* PBXContainerItemProxy */ = {
			isa = PBXContainerItemProxy;
			containerPortal = 5D0831771BD784E400AB91F3 /* Project object */;
			proxyType = 1;
			remoteGlobalIDString = 5D08317E1BD784E400AB91F3;
			remoteInfo = InfPicture_sample;
		};
		5D0831A71BD784E400AB91F3 /* PBXContainerItemProxy */ = {
			isa = PBXContainerItemProxy;
			containerPortal = 5D0831771BD784E400AB91F3 /* Project object */;
			proxyType = 1;
			remoteGlobalIDString = 5D08317E1BD784E400AB91F3;
			remoteInfo = InfPicture_sample;
		};
/* End PBXContainerItemProxy section */

/* Begin PBXFileReference section */
		5D08317F1BD784E400AB91F3 /* InfPicture_sample.app */ = {isa = PBXFileReference; explicitFileType = wrapper.application; includeInIndex = 0; path = InfPicture_sample.app; sourceTree = BUILT_PRODUCTS_DIR; };
		5D0831831BD784E400AB91F3 /* main.m */ = {isa = PBXFileReference; lastKnownFileType = sourcecode.c.objc; path = main.m; sourceTree = "<group>"; };
		5D0831851BD784E400AB91F3 /* AppDelegate.h */ = {isa = PBXFileReference; lastKnownFileType = sourcecode.c.h; path = AppDelegate.h; sourceTree = "<group>"; };
		5D0831861BD784E400AB91F3 /* AppDelegate.m */ = {isa = PBXFileReference; lastKnownFileType = sourcecode.c.objc; path = AppDelegate.m; sourceTree = "<group>"; };
		5D0831881BD784E400AB91F3 /* ViewController.h */ = {isa = PBXFileReference; lastKnownFileType = sourcecode.c.h; path = ViewController.h; sourceTree = "<group>"; };
		5D0831891BD784E400AB91F3 /* ViewController.m */ = {isa = PBXFileReference; lastKnownFileType = sourcecode.c.objc; path = ViewController.m; sourceTree = "<group>"; };
		5D08318C1BD784E400AB91F3 /* Base */ = {isa = PBXFileReference; lastKnownFileType = file.storyboard; name = Base; path = Base.lproj/Main.storyboard; sourceTree = "<group>"; };
		5D08318F1BD784E400AB91F3 /* InfPicture_sample.xcdatamodel */ = {isa = PBXFileReference; lastKnownFileType = wrapper.xcdatamodel; path = InfPicture_sample.xcdatamodel; sourceTree = "<group>"; };
		5D0831911BD784E400AB91F3 /* Assets.xcassets */ = {isa = PBXFileReference; lastKnownFileType = folder.assetcatalog; path = Assets.xcassets; sourceTree = "<group>"; };
		5D0831941BD784E400AB91F3 /* Base */ = {isa = PBXFileReference; lastKnownFileType = file.storyboard; name = Base; path = Base.lproj/LaunchScreen.storyboard; sourceTree = "<group>"; };
		5D0831961BD784E400AB91F3 /* Info.plist */ = {isa = PBXFileReference; lastKnownFileType = text.plist.xml; path = Info.plist; sourceTree = "<group>"; };
		5D08319B1BD784E400AB91F3 /* InfPicture_sampleTests.xctest */ = {isa = PBXFileReference; explicitFileType = wrapper.cfbundle; includeInIndex = 0; path = InfPicture_sampleTests.xctest; sourceTree = BUILT_PRODUCTS_DIR; };
		5D08319F1BD784E400AB91F3 /* InfPicture_sampleTests.m */ = {isa = PBXFileReference; lastKnownFileType = sourcecode.c.objc; path = InfPicture_sampleTests.m; sourceTree = "<group>"; };
		5D0831A11BD784E400AB91F3 /* Info.plist */ = {isa = PBXFileReference; lastKnownFileType = text.plist.xml; path = Info.plist; sourceTree = "<group>"; };
		5D0831A61BD784E400AB91F3 /* InfPicture_sampleUITests.xctest */ = {isa = PBXFileReference; explicitFileType = wrapper.cfbundle; includeInIndex = 0; path = InfPicture_sampleUITests.xctest; sourceTree = BUILT_PRODUCTS_DIR; };
		5D0831AA1BD784E400AB91F3 /* InfPicture_sampleUITests.m */ = {isa = PBXFileReference; lastKnownFileType = sourcecode.c.objc; path = InfPicture_sampleUITests.m; sourceTree = "<group>"; };
		5D0831AC1BD784E400AB91F3 /* Info.plist */ = {isa = PBXFileReference; lastKnownFileType = text.plist.xml; path = Info.plist; sourceTree = "<group>"; };
		5D0831BB1BD784FC00AB91F3 /* 1.jpg */ = {isa = PBXFileReference; lastKnownFileType = image.jpeg; path = 1.jpg; sourceTree = "<group>"; };
		5D0831BC1BD784FC00AB91F3 /* 2.jpg */ = {isa = PBXFileReference; lastKnownFileType = image.jpeg; path = 2.jpg; sourceTree = "<group>"; };
		5D0831BD1BD784FC00AB91F3 /* 3.jpg */ = {isa = PBXFileReference; lastKnownFileType = image.jpeg; path = 3.jpg; sourceTree = "<group>"; };
		5D0831C11BD7878700AB91F3 /* InfPicture.h */ = {isa = PBXFileReference; fileEncoding = 4; lastKnownFileType = sourcecode.c.h; path = InfPicture.h; sourceTree = "<group>"; };
		5D0831C21BD7878700AB91F3 /* InfPicture.m */ = {isa = PBXFileReference; fileEncoding = 4; lastKnownFileType = sourcecode.c.objc; path = InfPicture.m; sourceTree = "<group>"; };
/* End PBXFileReference section */

/* Begin PBXFrameworksBuildPhase section */
		5D08317C1BD784E400AB91F3 /* Frameworks */ = {
			isa = PBXFrameworksBuildPhase;
			buildActionMask = 2147483647;
			files = (
			);
			runOnlyForDeploymentPostprocessing = 0;
		};
		5D0831981BD784E400AB91F3 /* Frameworks */ = {
			isa = PBXFrameworksBuildPhase;
			buildActionMask = 2147483647;
			files = (
			);
			runOnlyForDeploymentPostprocessing = 0;
		};
		5D0831A31BD784E400AB91F3 /* Frameworks */ = {
			isa = PBXFrameworksBuildPhase;
			buildActionMask = 2147483647;
			files = (
			);
			runOnlyForDeploymentPostprocessing = 0;
		};
/* End PBXFrameworksBuildPhase section */

/* Begin PBXGroup section */
		5D0831761BD784E400AB91F3 = {
			isa = PBXGroup;
			children = (
				5D0831811BD784E400AB91F3 /* InfPicture_sample */,
				5D08319E1BD784E400AB91F3 /* InfPicture_sampleTests */,
				5D0831A91BD784E400AB91F3 /* InfPicture_sampleUITests */,
				5D0831801BD784E400AB91F3 /* Products */,
			);
			sourceTree = "<group>";
		};
		5D0831801BD784E400AB91F3 /* Products */ = {
			isa = PBXGroup;
			children = (
				5D08317F1BD784E400AB91F3 /* InfPicture_sample.app */,
				5D08319B1BD784E400AB91F3 /* InfPicture_sampleTests.xctest */,
				5D0831A61BD784E400AB91F3 /* InfPicture_sampleUITests.xctest */,
			);
			name = Products;
			sourceTree = "<group>";
		};
		5D0831811BD784E400AB91F3 /* InfPicture_sample */ = {
			isa = PBXGroup;
			children = (
				5D0831C11BD7878700AB91F3 /* InfPicture.h */,
				5D0831C21BD7878700AB91F3 /* InfPicture.m */,
				5D0831851BD784E400AB91F3 /* AppDelegate.h */,
				5D0831861BD784E400AB91F3 /* AppDelegate.m */,
				5D0831881BD784E400AB91F3 /* ViewController.h */,
				5D0831891BD784E400AB91F3 /* ViewController.m */,
				5D08318B1BD784E400AB91F3 /* Main.storyboard */,
				5D0831911BD784E400AB91F3 /* Assets.xcassets */,
				5D0831931BD784E400AB91F3 /* LaunchScreen.storyboard */,
				5D0831961BD784E400AB91F3 /* Info.plist */,
				5D08318E1BD784E400AB91F3 /* InfPicture_sample.xcdatamodeld */,
				5D0831821BD784E400AB91F3 /* Supporting Files */,
			);
			path = InfPicture_sample;
			sourceTree = "<group>";
		};
		5D0831821BD784E400AB91F3 /* Supporting Files */ = {
			isa = PBXGroup;
			children = (
				5D0831BB1BD784FC00AB91F3 /* 1.jpg */,
				5D0831BC1BD784FC00AB91F3 /* 2.jpg */,
				5D0831BD1BD784FC00AB91F3 /* 3.jpg */,
				5D0831831BD784E400AB91F3 /* main.m */,
			);
			name = "Supporting Files";
			sourceTree = "<group>";
		};
		5D08319E1BD784E400AB91F3 /* InfPicture_sampleTests */ = {
			isa = PBXGroup;
			children = (
				5D08319F1BD784E400AB91F3 /* InfPicture_sampleTests.m */,
				5D0831A11BD784E400AB91F3 /* Info.plist */,
			);
			path = InfPicture_sampleTests;
			sourceTree = "<group>";
		};
		5D0831A91BD784E400AB91F3 /* InfPicture_sampleUITests */ = {
			isa = PBXGroup;
			children = (
				5D0831AA1BD784E400AB91F3 /* InfPicture_sampleUITests.m */,
				5D0831AC1BD784E400AB91F3 /* Info.plist */,
			);
			path = InfPicture_sampleUITests;
			sourceTree = "<group>";
		};
/* End PBXGroup section */

/* Begin PBXNativeTarget section */
		5D08317E1BD784E400AB91F3 /* InfPicture_sample */ = {
			isa = PBXNativeTarget;
			buildConfigurationList = 5D0831AF1BD784E400AB91F3 /* Build configuration list for PBXNativeTarget "InfPicture_sample" */;
			buildPhases = (
				5D08317B1BD784E400AB91F3 /* Sources */,
				5D08317C1BD784E400AB91F3 /* Frameworks */,
				5D08317D1BD784E400AB91F3 /* Resources */,
			);
			buildRules = (
			);
			dependencies = (
			);
			name = InfPicture_sample;
			productName = InfPicture_sample;
			productReference = 5D08317F1BD784E400AB91F3 /* InfPicture_sample.app */;
			productType = "com.apple.product-type.application";
		};
		5D08319A1BD784E400AB91F3 /* InfPicture_sampleTests */ = {
			isa = PBXNativeTarget;
			buildConfigurationList = 5D0831B21BD784E400AB91F3 /* Build configuration list for PBXNativeTarget "InfPicture_sampleTests" */;
			buildPhases = (
				5D0831971BD784E400AB91F3 /* Sources */,
				5D0831981BD784E400AB91F3 /* Frameworks */,
				5D0831991BD784E400AB91F3 /* Resources */,
			);
			buildRules = (
			);
			dependencies = (
				5D08319D1BD784E400AB91F3 /* PBXTargetDependency */,
			);
			name = InfPicture_sampleTests;
			productName = InfPicture_sampleTests;
			productReference = 5D08319B1BD784E400AB91F3 /* InfPicture_sampleTests.xctest */;
			productType = "com.apple.product-type.bundle.unit-test";
		};
		5D0831A51BD784E400AB91F3 /* InfPicture_sampleUITests */ = {
			isa = PBXNativeTarget;
			buildConfigurationList = 5D0831B51BD784E400AB91F3 /* Build configuration list for PBXNativeTarget "InfPicture_sampleUITests" */;
			buildPhases = (
				5D0831A21BD784E400AB91F3 /* Sources */,
				5D0831A31BD784E400AB91F3 /* Frameworks */,
				5D0831A41BD784E400AB91F3 /* Resources */,
			);
			buildRules = (
			);
			dependencies = (
				5D0831A81BD784E400AB91F3 /* PBXTargetDependency */,
			);
			name = InfPicture_sampleUITests;
			productName = InfPicture_sampleUITests;
			productReference = 5D0831A61BD784E400AB91F3 /* InfPicture_sampleUITests.xctest */;
			productType = "com.apple.product-type.bundle.ui-testing";
		};
/* End PBXNativeTarget section */

/* Begin PBXProject section */
		5D0831771BD784E400AB91F3 /* Project object */ = {
			isa = PBXProject;
			attributes = {
				LastUpgradeCheck = 0700;
				ORGANIZATIONNAME = ihuzhou;
				TargetAttributes = {
					5D08317E1BD784E400AB91F3 = {
						CreatedOnToolsVersion = 7.0;
						DevelopmentTeam = JV2FU7HN89;
					};
					5D08319A1BD784E400AB91F3 = {
						CreatedOnToolsVersion = 7.0;
						DevelopmentTeam = JV2FU7HN89;
						TestTargetID = 5D08317E1BD784E400AB91F3;
					};
					5D0831A51BD784E400AB91F3 = {
						CreatedOnToolsVersion = 7.0;
						DevelopmentTeam = JV2FU7HN89;
						TestTargetID = 5D08317E1BD784E400AB91F3;
					};
				};
			};
			buildConfigurationList = 5D08317A1BD784E400AB91F3 /* Build configuration list for PBXProject "InfPicture_sample" */;
			compatibilityVersion = "Xcode 3.2";
			developmentRegion = English;
			hasScannedForEncodings = 0;
			knownRegions = (
				en,
				Base,
			);
			mainGroup = 5D0831761BD784E400AB91F3;
			productRefGroup = 5D0831801BD784E400AB91F3 /* Products */;
			projectDirPath = "";
			projectRoot = "";
			targets = (
				5D08317E1BD784E400AB91F3 /* InfPicture_sample */,
				5D08319A1BD784E400AB91F3 /* InfPicture_sampleTests */,
				5D0831A51BD784E400AB91F3 /* InfPicture_sampleUITests */,
			);
		};
/* End PBXProject section */

/* Begin PBXResourcesBuildPhase section */
		5D08317D1BD784E400AB91F3 /* Resources */ = {
			isa = PBXResourcesBuildPhase;
			buildActionMask = 2147483647;
			files = (
				5D0831951BD784E400AB91F3 /* LaunchScreen.storyboard in Resources */,
				5D0831BE1BD784FC00AB91F3 /* 1.jpg in Resources */,
				5D0831BF1BD784FC00AB91F3 /* 2.jpg in Resources */,
				5D0831C01BD784FC00AB91F3 /* 3.jpg in Resources */,
				5D0831921BD784E400AB91F3 /* Assets.xcassets in Resources */,
				5D08318D1BD784E400AB91F3 /* Main.storyboard in Resources */,
			);
			runOnlyForDeploymentPostprocessing = 0;
		};
		5D0831991BD784E400AB91F3 /* Resources */ = {
			isa = PBXResourcesBuildPhase;
			buildActionMask = 2147483647;
			files = (
			);
			runOnlyForDeploymentPostprocessing = 0;
		};
		5D0831A41BD784E400AB91F3 /* Resources */ = {
			isa = PBXResourcesBuildPhase;
			buildActionMask = 2147483647;
			files = (
			);
			runOnlyForDeploymentPostprocessing = 0;
		};
/* End PBXResourcesBuildPhase section */

/* Begin PBXSourcesBuildPhase section */
		5D08317B1BD784E400AB91F3 /* Sources */ = {
			isa = PBXSourcesBuildPhase;
			buildActionMask = 2147483647;
			files = (
				5D0831C31BD7878700AB91F3 /* InfPicture.m in Sources */,
				5D0831901BD784E400AB91F3 /* InfPicture_sample.xcdatamodeld in Sources */,
				5D08318A1BD784E400AB91F3 /* ViewController.m in Sources */,
				5D0831871BD784E400AB91F3 /* AppDelegate.m in Sources */,
				5D0831841BD784E400AB91F3 /* main.m in Sources */,
			);
			runOnlyForDeploymentPostprocessing = 0;
		};
		5D0831971BD784E400AB91F3 /* Sources */ = {
			isa = PBXSourcesBuildPhase;
			buildActionMask = 2147483647;
			files = (
				5D0831A01BD784E400AB91F3 /* InfPicture_sampleTests.m in Sources */,
			);
			runOnlyForDeploymentPostprocessing = 0;
		};
		5D0831A21BD784E400AB91F3 /* Sources */ = {
			isa = PBXSourcesBuildPhase;
			buildActionMask = 2147483647;
			files = (
				5D0831AB1BD784E400AB91F3 /* InfPicture_sampleUITests.m in Sources */,
			);
			runOnlyForDeploymentPostprocessing = 0;
		};
/* End PBXSourcesBuildPhase section */

/* Begin PBXTargetDependency section */
		5D08319D1BD784E400AB91F3 /* PBXTargetDependency */ = {
			isa = PBXTargetDependency;
			target = 5D08317E1BD784E400AB91F3 /* InfPicture_sample */;
			targetProxy = 5D08319C1BD784E400AB91F3 /* PBXContainerItemProxy */;
		};
		5D0831A81BD784E400AB91F3 /* PBXTargetDependency */ = {
			isa = PBXTargetDependency;
			target = 5D08317E1BD784E400AB91F3 /* InfPicture_sample */;
			targetProxy = 5D0831A71BD784E400AB91F3 /* PBXContainerItemProxy */;
		};
/* End PBXTargetDependency section */

/* Begin PBXVariantGroup section */
		5D08318B1BD784E400AB91F3 /* Main.storyboard */ = {
			isa = PBXVariantGroup;
			children = (
				5D08318C1BD784E400AB91F3 /* Base */,
			);
			name = Main.storyboard;
			sourceTree = "<group>";
		};
		5D0831931BD784E400AB91F3 /* LaunchScreen.storyboard */ = {
			isa = PBXVariantGroup;
			children = (
				5D0831941BD784E400AB91F3 /* Base */,
			);
			name = LaunchScreen.storyboard;
			sourceTree = "<group>";
		};
/* End PBXVariantGroup section */

/* Begin XCBuildConfiguration section */
		5D0831AD1BD784E400AB91F3 /* Debug */ = {
			isa = XCBuildConfiguration;
			buildSettings = {
				ALWAYS_SEARCH_USER_PATHS = NO;
				CLANG_CXX_LANGUAGE_STANDARD = "gnu++0x";
				CLANG_CXX_LIBRARY = "libc++";
				CLANG_ENABLE_MODULES = YES;
				CLANG_ENABLE_OBJC_ARC = YES;
				CLANG_WARN_BOOL_CONVERSION = YES;
				CLANG_WARN_CONSTANT_CONVERSION = YES;
				CLANG_WARN_DIRECT_OBJC_ISA_USAGE = YES_ERROR;
				CLANG_WARN_EMPTY_BODY = YES;
				CLANG_WARN_ENUM_CONVERSION = YES;
				CLANG_WARN_INT_CONVERSION = YES;
				CLANG_WARN_OBJC_ROOT_CLASS = YES_ERROR;
				CLANG_WARN_UNREACHABLE_CODE = YES;
				CLANG_WARN__DUPLICATE_METHOD_MATCH = YES;
				"CODE_SIGN_IDENTITY[sdk=iphoneos*]" = "iPhone Developer";
				COPY_PHASE_STRIP = NO;
				DEBUG_INFORMATION_FORMAT = dwarf;
				ENABLE_STRICT_OBJC_MSGSEND = YES;
				ENABLE_TESTABILITY = YES;
				GCC_C_LANGUAGE_STANDARD = gnu99;
				GCC_DYNAMIC_NO_PIC = NO;
				GCC_NO_COMMON_BLOCKS = YES;
				GCC_OPTIMIZATION_LEVEL = 0;
				GCC_PREPROCESSOR_DEFINITIONS = (
					"DEBUG=1",
					"$(inherited)",
				);
				GCC_WARN_64_TO_32_BIT_CONVERSION = YES;
				GCC_WARN_ABOUT_RETURN_TYPE = YES_ERROR;
				GCC_WARN_UNDECLARED_SELECTOR = YES;
				GCC_WARN_UNINITIALIZED_AUTOS = YES_AGGRESSIVE;
				GCC_WARN_UNUSED_FUNCTION = YES;
				GCC_WARN_UNUSED_VARIABLE = YES;
				IPHONEOS_DEPLOYMENT_TARGET = 9.0;
				MTL_ENABLE_DEBUG_INFO = YES;
				ONLY_ACTIVE_ARCH = YES;
				SDKROOT = iphoneos;
			};
			name = Debug;
		};
		5D0831AE1BD784E400AB91F3 /* Release */ = {
			isa = XCBuildConfiguration;
			buildSettings = {
				ALWAYS_SEARCH_USER_PATHS = NO;
				CLANG_CXX_LANGUAGE_STANDARD = "gnu++0x";
				CLANG_CXX_LIBRARY = "libc++";
				CLANG_ENABLE_MODULES = YES;
				CLANG_ENABLE_OBJC_ARC = YES;
				CLANG_WARN_BOOL_CONVERSION = YES;
				CLANG_WARN_CONSTANT_CONVERSION = YES;
				CLANG_WARN_DIRECT_OBJC_ISA_USAGE = YES_ERROR;
				CLANG_WARN_EMPTY_BODY = YES;
				CLANG_WARN_ENUM_CONVERSION = YES;
				CLANG_WARN_INT_CONVERSION = YES;
				CLANG_WARN_OBJC_ROOT_CLASS = YES_ERROR;
				CLANG_WARN_UNREACHABLE_CODE = YES;
				CLANG_WARN__DUPLICATE_METHOD_MATCH = YES;
				"CODE_SIGN_IDENTITY[sdk=iphoneos*]" = "iPhone Developer";
				COPY_PHASE_STRIP = NO;
				DEBUG_INFORMATION_FORMAT = "dwarf-with-dsym";
				ENABLE_NS_ASSERTIONS = NO;
				ENABLE_STRICT_OBJC_MSGSEND = YES;
				GCC_C_LANGUAGE_STANDARD = gnu99;
				GCC_NO_COMMON_BLOCKS = YES;
				GCC_WARN_64_TO_32_BIT_CONVERSION = YES;
				GCC_WARN_ABOUT_RETURN_TYPE = YES_ERROR;
				GCC_WARN_UNDECLARED_SELECTOR = YES;
				GCC_WARN_UNINITIALIZED_AUTOS = YES_AGGRESSIVE;
				GCC_WARN_UNUSED_FUNCTION = YES;
				GCC_WARN_UNUSED_VARIABLE = YES;
				IPHONEOS_DEPLOYMENT_TARGET = 9.0;
				MTL_ENABLE_DEBUG_INFO = NO;
				SDKROOT = iphoneos;
				VALIDATE_PRODUCT = YES;
			};
			name = Release;
		};
		5D0831B01BD784E400AB91F3 /* Debug */ = {
			isa = XCBuildConfiguration;
			buildSettings = {
				ASSETCATALOG_COMPILER_APPICON_NAME = AppIcon;
				INFOPLIST_FILE = InfPicture_sample/Info.plist;
				LD_RUNPATH_SEARCH_PATHS = "$(inherited) @executable_path/Frameworks";
				PRODUCT_BUNDLE_IDENTIFIER = ihuzhoui;
				PRODUCT_NAME = "$(TARGET_NAME)";
			};
			name = Debug;
		};
		5D0831B11BD784E400AB91F3 /* Release */ = {
			isa = XCBuildConfiguration;
			buildSettings = {
				ASSETCATALOG_COMPILER_APPICON_NAME = AppIcon;
				INFOPLIST_FILE = InfPicture_sample/Info.plist;
				LD_RUNPATH_SEARCH_PATHS = "$(inherited) @executable_path/Frameworks";
				PRODUCT_BUNDLE_IDENTIFIER = ihuzhoui;
				PRODUCT_NAME = "$(TARGET_NAME)";
			};
			name = Release;
		};
		5D0831B31BD784E400AB91F3 /* Debug */ = {
			isa = XCBuildConfiguration;
			buildSettings = {
				BUNDLE_LOADER = "$(TEST_HOST)";
				INFOPLIST_FILE = InfPicture_sampleTests/Info.plist;
				LD_RUNPATH_SEARCH_PATHS = "$(inherited) @executable_path/Frameworks @loader_path/Frameworks";
				PRODUCT_BUNDLE_IDENTIFIER = "com.TestSheInSide.InfPicture-sampleTests";
				PRODUCT_NAME = "$(TARGET_NAME)";
				TEST_HOST = "$(BUILT_PRODUCTS_DIR)/InfPicture_sample.app/InfPicture_sample";
			};
			name = Debug;
		};
		5D0831B41BD784E400AB91F3 /* Release */ = {
			isa = XCBuildConfiguration;
			buildSettings = {
				BUNDLE_LOADER = "$(TEST_HOST)";
				INFOPLIST_FILE = InfPicture_sampleTests/Info.plist;
				LD_RUNPATH_SEARCH_PATHS = "$(inherited) @executable_path/Frameworks @loader_path/Frameworks";
				PRODUCT_BUNDLE_IDENTIFIER = "com.TestSheInSide.InfPicture-sampleTests";
				PRODUCT_NAME = "$(TARGET_NAME)";
				TEST_HOST = "$(BUILT_PRODUCTS_DIR)/InfPicture_sample.app/InfPicture_sample";
			};
			name = Release;
		};
		5D0831B61BD784E400AB91F3 /* Debug */ = {
			isa = XCBuildConfiguration;
			buildSettings = {
				INFOPLIST_FILE = InfPicture_sampleUITests/Info.plist;
				LD_RUNPATH_SEARCH_PATHS = "$(inherited) @executable_path/Frameworks @loader_path/Frameworks";
				PRODUCT_BUNDLE_IDENTIFIER = "com.TestSheInSide.InfPicture-sampleUITests";
				PRODUCT_NAME = "$(TARGET_NAME)";
				TEST_TARGET_NAME = InfPicture_sample;
				USES_XCTRUNNER = YES;
			};
			name = Debug;
		};
		5D0831B71BD784E400AB91F3 /* Release */ = {
			isa = XCBuildConfiguration;
			buildSettings = {
				INFOPLIST_FILE = InfPicture_sampleUITests/Info.plist;
				LD_RUNPATH_SEARCH_PATHS = "$(inherited) @executable_path/Frameworks @loader_path/Frameworks";
				PRODUCT_BUNDLE_IDENTIFIER = "com.TestSheInSide.InfPicture-sampleUITests";
				PRODUCT_NAME = "$(TARGET_NAME)";
				TEST_TARGET_NAME = InfPicture_sample;
				USES_XCTRUNNER = YES;
			};
			name = Release;
		};
/* End XCBuildConfiguration section */

/* Begin XCConfigurationList section */
		5D08317A1BD784E400AB91F3 /* Build configuration list for PBXProject "InfPicture_sample" */ = {
			isa = XCConfigurationList;
			buildConfigurations = (
				5D0831AD1BD784E400AB91F3 /* Debug */,
				5D0831AE1BD784E400AB91F3 /* Release */,
			);
			defaultConfigurationIsVisible = 0;
			defaultConfigurationName = Release;
		};
		5D0831AF1BD784E400AB91F3 /* Build configuration list for PBXNativeTarget "InfPicture_sample" */ = {
			isa = XCConfigurationList;
			buildConfigurations = (
				5D0831B01BD784E400AB91F3 /* Debug */,
				5D0831B11BD784E400AB91F3 /* Release */,
			);
			defaultConfigurationIsVisible = 0;
			defaultConfigurationName = Release;
		};
		5D0831B21BD784E400AB91F3 /* Build configuration list for PBXNativeTarget "InfPicture_sampleTests" */ = {
			isa = XCConfigurationList;
			buildConfigurations = (
				5D0831B31BD784E400AB91F3 /* Debug */,
				5D0831B41BD784E400AB91F3 /* Release */,
			);
			defaultConfigurationIsVisible = 0;
			defaultConfigurationName = Release;
		};
		5D0831B51BD784E400AB91F3 /* Build configuration list for PBXNativeTarget "InfPicture_sampleUITests" */ = {
			isa = XCConfigurationList;
			buildConfigurations = (
				5D0831B61BD784E400AB91F3 /* Debug */,
				5D0831B71BD784E400AB91F3 /* Release */,
			);
			defaultConfigurationIsVisible = 0;
			defaultConfigurationName = Release;
		};
/* End XCConfigurationList section */

/* Begin XCVersionGroup section */
		5D08318E1BD784E400AB91F3 /* InfPicture_sample.xcdatamodeld */ = {
			isa = XCVersionGroup;
			children = (
				5D08318F1BD784E400AB91F3 /* InfPicture_sample.xcdatamodel */,
			);
			currentVersion = 5D08318F1BD784E400AB91F3 /* InfPicture_sample.xcdatamodel */;
			path = InfPicture_sample.xcdatamodeld;
			sourceTree = "<group>";
			versionGroupType = wrapper.xcdatamodel;
		};
/* End XCVersionGroup section */
	};
	rootObject = 5D0831771BD784E400AB91F3 /* Project object */;
}
